
Microsoft Visual Studio Solution File, Format Version 11.00
# Visual Studio 2010
Project("{FAE04EC0-301F-11D3-BF4B-00C04F79EFBC}") = "Frankenstein", "Frankenstein.csproj", "{3622ea7e-09f8-c1aa-e6a1-15082f8ca20b}"
EndProject
Project("{FAE04EC0-301F-11D3-BF4B-00C04F79EFBC}") = "Frankenstein.Controls", "Frankenstein.Controls.csproj", "{136cf98a-07e1-4c3a-4e95-80adfacbcdde}"
EndProject
Project("{FAE04EC0-301F-11D3-BF4B-00C04F79EFBC}") = "ExampleGame", "ExampleGame.csproj", "{dd855d4c-5cb7-5c03-2e9f-86d39c612893}"
EndProject
Project("{FAE04EC0-301F-11D3-BF4B-00C04F79EFBC}") = "ExampleGame.DTO", "ExampleGame.DTO.csproj", "{2c7806df-ee7e-ac61-533b-5a1bdad1ff4e}"
EndProject
Global
	GlobalSection(SolutionConfigurationPlatforms) = preSolution
		Debug|Any CPU = Debug|Any CPU
		Release|Any CPU = Release|Any CPU
	EndGlobalSection
	GlobalSection(ProjectConfigurationPlatforms) = postSolution
		{3622ea7e-09f8-c1aa-e6a1-15082f8ca20b}.Debug|Any CPU.ActiveCfg = Debug|Any CPU
		{3622ea7e-09f8-c1aa-e6a1-15082f8ca20b}.Debug|Any CPU.Build.0 = Debug|Any CPU
		{3622ea7e-09f8-c1aa-e6a1-15082f8ca20b}.Release|Any CPU.ActiveCfg = Release|Any CPU
		{3622ea7e-09f8-c1aa-e6a1-15082f8ca20b}.Release|Any CPU.Build.0 = Release|Any CPU
		{136cf98a-07e1-4c3a-4e95-80adfacbcdde}.Debug|Any CPU.ActiveCfg = Debug|Any CPU
		{136cf98a-07e1-4c3a-4e95-80adfacbcdde}.Debug|Any CPU.Build.0 = Debug|Any CPU
		{136cf98a-07e1-4c3a-4e95-80adfacbcdde}.Release|Any CPU.ActiveCfg = Release|Any CPU
		{136cf98a-07e1-4c3a-4e95-80adfacbcdde}.Release|Any CPU.Build.0 = Release|Any CPU
		{dd855d4c-5cb7-5c03-2e9f-86d39c612893}.Debug|Any CPU.ActiveCfg = Debug|Any CPU
		{dd855d4c-5cb7-5c03-2e9f-86d39c612893}.Debug|Any CPU.Build.0 = Debug|Any CPU
		{dd855d4c-5cb7-5c03-2e9f-86d39c612893}.Release|Any CPU.ActiveCfg = Release|Any CPU
		{dd855d4c-5cb7-5c03-2e9f-86d39c612893}.Release|Any CPU.Build.0 = Release|Any CPU
		{2c7806df-ee7e-ac61-533b-5a1bdad1ff4e}.Debug|Any CPU.ActiveCfg = Debug|Any CPU
		{2c7806df-ee7e-ac61-533b-5a1bdad1ff4e}.Debug|Any CPU.Build.0 = Debug|Any CPU
		{2c7806df-ee7e-ac61-533b-5a1bdad1ff4e}.Release|Any CPU.ActiveCfg = Release|Any CPU
		{2c7806df-ee7e-ac61-533b-5a1bdad1ff4e}.Release|Any CPU.Build.0 = Release|Any CPU
	EndGlobalSection
	GlobalSection(SolutionProperties) = preSolution
		HideSolutionNode = FALSE
	EndGlobalSection
EndGlobal
